
Microsoft Visual Studio Solution File, Format Version 12.00
# Visual Studio Version 17
VisualStudioVersion = 17.9.34622.214
MinimumVisualStudioVersion = 10.0.40219.1
Project("{FAE04EC0-301F-11D3-BF4B-00C04F79EFBC}") = "VMS-API", "VMS-API\VMS-API.csproj", "{03D0EDAE-D770-4DC0-B4E4-CC058438DA54}"
EndProject
Project("{FAE04EC0-301F-11D3-BF4B-00C04F79EFBC}") = "DataAccessLayer", "DataAccessLayer\DataAccessLayer.csproj", "{3AEFD186-F4D8-45FB-B709-4211FE36DA91}"
EndProject
Project("{FAE04EC0-301F-11D3-BF4B-00C04F79EFBC}") = "BusinessLogicLayer", "BusinessLogicLayer\BusinessLogicLayer.csproj", "{601581DB-FA63-44FD-9BD4-DDF70016B455}"
EndProject
Global
	GlobalSection(SolutionConfigurationPlatforms) = preSolution
		Debug|Any CPU = Debug|Any CPU
		Release|Any CPU = Release|Any CPU
	EndGlobalSection
	GlobalSection(ProjectConfigurationPlatforms) = postSolution
		{03D0EDAE-D770-4DC0-B4E4-CC058438DA54}.Debug|Any CPU.ActiveCfg = Debug|Any CPU
		{03D0EDAE-D770-4DC0-B4E4-CC058438DA54}.Debug|Any CPU.Build.0 = Debug|Any CPU
		{03D0EDAE-D770-4DC0-B4E4-CC058438DA54}.Release|Any CPU.ActiveCfg = Release|Any CPU
		{03D0EDAE-D770-4DC0-B4E4-CC058438DA54}.Release|Any CPU.Build.0 = Release|Any CPU
		{3AEFD186-F4D8-45FB-B709-4211FE36DA91}.Debug|Any CPU.ActiveCfg = Debug|Any CPU
		{3AEFD186-F4D8-45FB-B709-4211FE36DA91}.Debug|Any CPU.Build.0 = Debug|Any CPU
		{3AEFD186-F4D8-45FB-B709-4211FE36DA91}.Release|Any CPU.ActiveCfg = Release|Any CPU
		{3AEFD186-F4D8-45FB-B709-4211FE36DA91}.Release|Any CPU.Build.0 = Release|Any CPU
		{601581DB-FA63-44FD-9BD4-DDF70016B455}.Debug|Any CPU.ActiveCfg = Debug|Any CPU
		{601581DB-FA63-44FD-9BD4-DDF70016B455}.Debug|Any CPU.Build.0 = Debug|Any CPU
		{601581DB-FA63-44FD-9BD4-DDF70016B455}.Release|Any CPU.ActiveCfg = Release|Any CPU
		{601581DB-FA63-44FD-9BD4-DDF70016B455}.Release|Any CPU.Build.0 = Release|Any CPU
	EndGlobalSection
	GlobalSection(SolutionProperties) = preSolution
		HideSolutionNode = FALSE
	EndGlobalSection
	GlobalSection(ExtensibilityGlobals) = postSolution
		SolutionGuid = {6CF7562C-240F-4370-9D4E-1E250E1B18EF}
	EndGlobalSection
EndGlobal
